
Microsoft Visual Studio Solution File, Format Version 12.00
# Visual Studio Version 17
VisualStudioVersion = 17.11.35208.52
MinimumVisualStudioVersion = 10.0.40219.1
Project("{FAE04EC0-301F-11D3-BF4B-00C04F79EFBC}") = "EinkaufslisteAPI", "EinkaufslisteAPI\EinkaufslisteAPI.csproj", "{E9CD875B-226D-4842-A2C8-CFF3C3B802D7}"
EndProject
Global
	GlobalSection(SolutionConfigurationPlatforms) = preSolution
		Debug|Any CPU = Debug|Any CPU
		Release|Any CPU = Release|Any CPU
	EndGlobalSection
	GlobalSection(ProjectConfigurationPlatforms) = postSolution
		{E9CD875B-226D-4842-A2C8-CFF3C3B802D7}.Debug|Any CPU.ActiveCfg = Debug|Any CPU
		{E9CD875B-226D-4842-A2C8-CFF3C3B802D7}.Debug|Any CPU.Build.0 = Debug|Any CPU
		{E9CD875B-226D-4842-A2C8-CFF3C3B802D7}.Release|Any CPU.ActiveCfg = Release|Any CPU
		{E9CD875B-226D-4842-A2C8-CFF3C3B802D7}.Release|Any CPU.Build.0 = Release|Any CPU
	EndGlobalSection
	GlobalSection(SolutionProperties) = preSolution
		HideSolutionNode = FALSE
	EndGlobalSection
	GlobalSection(ExtensibilityGlobals) = postSolution
		SolutionGuid = {6A095EB5-04AF-46B4-8D96-0AC6167D9F15}
	EndGlobalSection
EndGlobal
